
Microsoft Visual Studio Solution File, Format Version 12.00
# Visual Studio Version 16
VisualStudioVersion = 16.0.30804.86
MinimumVisualStudioVersion = 10.0.40219.1
Project("{FAE04EC0-301F-11D3-BF4B-00C04F79EFBC}") = "10i_Rendezesek_20_21", "10i_Rendezesek_20_21\10i_Rendezesek_20_21.csproj", "{965AD75D-2346-464A-859C-BD0596C72443}"
EndProject
Global
	GlobalSection(SolutionConfigurationPlatforms) = preSolution
		Debug|Any CPU = Debug|Any CPU
		Release|Any CPU = Release|Any CPU
	EndGlobalSection
	GlobalSection(ProjectConfigurationPlatforms) = postSolution
		{965AD75D-2346-464A-859C-BD0596C72443}.Debug|Any CPU.ActiveCfg = Debug|Any CPU
		{965AD75D-2346-464A-859C-BD0596C72443}.Debug|Any CPU.Build.0 = Debug|Any CPU
		{965AD75D-2346-464A-859C-BD0596C72443}.Release|Any CPU.ActiveCfg = Release|Any CPU
		{965AD75D-2346-464A-859C-BD0596C72443}.Release|Any CPU.Build.0 = Release|Any CPU
	EndGlobalSection
	GlobalSection(SolutionProperties) = preSolution
		HideSolutionNode = FALSE
	EndGlobalSection
	GlobalSection(ExtensibilityGlobals) = postSolution
		SolutionGuid = {171D4B75-3DAC-4E3F-AE40-B74C44B3DADE}
	EndGlobalSection
EndGlobal
